
Microsoft Visual Studio Solution File, Format Version 12.00
# Visual Studio Version 16
VisualStudioVersion = 16.0.32106.194
MinimumVisualStudioVersion = 10.0.40219.1
Project("{FAE04EC0-301F-11D3-BF4B-00C04F79EFBC}") = "WpfApp8", "WpfApp8\WpfApp8.csproj", "{EBD7D2D7-2B3D-450A-9B95-1CAAFD88FD62}"
EndProject
Global
	GlobalSection(SolutionConfigurationPlatforms) = preSolution
		Debug|Any CPU = Debug|Any CPU
		Release|Any CPU = Release|Any CPU
	EndGlobalSection
	GlobalSection(ProjectConfigurationPlatforms) = postSolution
		{EBD7D2D7-2B3D-450A-9B95-1CAAFD88FD62}.Debug|Any CPU.ActiveCfg = Debug|Any CPU
		{EBD7D2D7-2B3D-450A-9B95-1CAAFD88FD62}.Debug|Any CPU.Build.0 = Debug|Any CPU
		{EBD7D2D7-2B3D-450A-9B95-1CAAFD88FD62}.Release|Any CPU.ActiveCfg = Release|Any CPU
		{EBD7D2D7-2B3D-450A-9B95-1CAAFD88FD62}.Release|Any CPU.Build.0 = Release|Any CPU
	EndGlobalSection
	GlobalSection(SolutionProperties) = preSolution
		HideSolutionNode = FALSE
	EndGlobalSection
	GlobalSection(ExtensibilityGlobals) = postSolution
		SolutionGuid = {986723D2-B63C-482C-AFFC-6C4CC5203A3A}
	EndGlobalSection
EndGlobal
